lockfileVersion: '9.0'

settings:
  autoInstallPeers: true
  excludeLinksFromLockfile: false

importers:

  .:
    dependencies:
      '@tanstack/react-query':
        specifier: ^5.0.0
        version: 5.85.5(react@19.1.1)
      '@weddingplanner/types':
        specifier: file:../types
        version: file:../types
      react:
        specifier: '>=18.0.0'
        version: 19.1.1
      zustand:
        specifier: ^4.0.0
        version: 4.5.7(@types/react@18.3.24)(react@19.1.1)
    devDependencies:
      '@types/react':
        specifier: ^18.0.0
        version: 18.3.24
      typescript:
        specifier: ^5.0.0
        version: 5.9.2

packages:

  '@tanstack/query-core@5.85.5':
    resolution: {integrity: sha512-KO0WTob4JEApv69iYp1eGvfMSUkgw//IpMnq+//cORBzXf0smyRwPLrUvEe5qtAEGjwZTXrjxg+oJNP/C00t6w==}

  '@tanstack/react-query@5.85.5':
    resolution: {integrity: sha512-/X4EFNcnPiSs8wM2v+b6DqS5mmGeuJQvxBglmDxl6ZQb5V26ouD2SJYAcC3VjbNwqhY2zjxVD15rDA5nGbMn3A==}
    peerDependencies:
      react: ^18 || ^19

  '@types/prop-types@15.7.15':
    resolution: {integrity: sha512-F6bEyamV9jKGAFBEmlQnesRPGOQqS2+Uwi0Em15xenOxHaf2hv6L8YCVn3rPdPJOiJfPiCnLIRyvwVaqMY3MIw==}

  '@types/react@18.3.24':
    resolution: {integrity: sha512-0dLEBsA1kI3OezMBF8nSsb7Nk19ZnsyE1LLhB8r27KbgU5H4pvuqZLdtE+aUkJVoXgTVuA+iLIwmZ0TuK4tx6A==}

  '@weddingplanner/types@file:../types':
    resolution: {directory: ../types, type: directory}
    engines: {node: '>=18.0.0', pnpm: '>=8.0.0'}

  csstype@3.1.3:
    resolution: {integrity: sha512-M1uQkMl8rQK/szD0LNhtqxIPLpimGm8sOBwU7lLnCpSbTyY3yeU1Vc7l4KT5zT4s/yOxHH5O7tIuuLOCnLADRw==}

  react@19.1.1:
    resolution: {integrity: sha512-w8nqGImo45dmMIfljjMwOGtbmC/mk4CMYhWIicdSflH91J9TyCyczcPFXJzrZ/ZXcgGRFeP6BU0BEJTw6tZdfQ==}
    engines: {node: '>=0.10.0'}

  typescript@5.9.2:
    resolution: {integrity: sha512-CWBzXQrc/qOkhidw1OzBTQuYRbfyxDXJMVJ1XNwUHGROVmuaeiEm3OslpZ1RV96d7SKKjZKrSJu3+t/xlw3R9A==}
    engines: {node: '>=14.17'}
    hasBin: true

  use-sync-external-store@1.5.0:
    resolution: {integrity: sha512-Rb46I4cGGVBmjamjphe8L/UnvJD+uPPtTkNvX5mZgqdbavhI4EbgIWJiIHXJ8bc/i9EQGPRh4DwEURJ552Do0A==}
    peerDependencies:
      react: ^16.8.0 || ^17.0.0 || ^18.0.0 || ^19.0.0

  zustand@4.5.7:
    resolution: {integrity: sha512-CHOUy7mu3lbD6o6LJLfllpjkzhHXSBlX8B9+qPddUsIfeF5S/UZ5q0kmCsnRqT1UHFQZchNFDDzMbQsuesHWlw==}
    engines: {node: '>=12.7.0'}
    peerDependencies:
      '@types/react': '>=16.8'
      immer: '>=9.0.6'
      react: '>=16.8'
    peerDependenciesMeta:
      '@types/react':
        optional: true
      immer:
        optional: true
      react:
        optional: true

snapshots:

  '@tanstack/query-core@5.85.5': {}

  '@tanstack/react-query@5.85.5(react@19.1.1)':
    dependencies:
      '@tanstack/query-core': 5.85.5
      react: 19.1.1

  '@types/prop-types@15.7.15': {}

  '@types/react@18.3.24':
    dependencies:
      '@types/prop-types': 15.7.15
      csstype: 3.1.3

  '@weddingplanner/types@file:../types': {}

  csstype@3.1.3: {}

  react@19.1.1: {}

  typescript@5.9.2: {}

  use-sync-external-store@1.5.0(react@19.1.1):
    dependencies:
      react: 19.1.1

  zustand@4.5.7(@types/react@18.3.24)(react@19.1.1):
    dependencies:
      use-sync-external-store: 1.5.0(react@19.1.1)
    optionalDependencies:
      '@types/react': 18.3.24
      react: 19.1.1
