lockfileVersion: '9.0'

settings:
  autoInstallPeers: true
  excludeLinksFromLockfile: false

importers:

  .:
    dependencies:
      '@tanstack/react-query':
        specifier: ^5.85.5
        version: 5.85.5(react@19.1.1)

packages:

  '@tanstack/query-core@5.85.5':
    resolution: {integrity: sha512-KO0WTob4JEApv69iYp1eGvfMSUkgw//IpMnq+//cORBzXf0smyRwPLrUvEe5qtAEGjwZTXrjxg+oJNP/C00t6w==}

  '@tanstack/react-query@5.85.5':
    resolution: {integrity: sha512-/X4EFNcnPiSs8wM2v+b6DqS5mmGeuJQvxBglmDxl6ZQb5V26ouD2SJYAcC3VjbNwqhY2zjxVD15rDA5nGbMn3A==}
    peerDependencies:
      react: ^18 || ^19

  react@19.1.1:
    resolution: {integrity: sha512-w8nqGImo45dmMIfljjMwOGtbmC/mk4CMYhWIicdSflH91J9TyCyczcPFXJzrZ/ZXcgGRFeP6BU0BEJTw6tZdfQ==}
    engines: {node: '>=0.10.0'}

snapshots:

  '@tanstack/query-core@5.85.5': {}

  '@tanstack/react-query@5.85.5(react@19.1.1)':
    dependencies:
      '@tanstack/query-core': 5.85.5
      react: 19.1.1

  react@19.1.1: {}
